<?xml version="1.0" encoding="utf-8"?>
<Project ToolsVersion="4.0" xmlns="http://schemas.microsoft.com/developer/msbuild/2003">
  <ItemGroup>
    <ClCompile Include="vulkswagen.c" />
  </ItemGroup>
  <ItemGroup>
    <Text Include="vk_layer_settings.txt" />
  </ItemGroup>
  <ItemGroup>
    <CustomBuild Include="tri.frag" />
    <CustomBuild Include="tri.vert" />
  </ItemGroup>
  <ItemGroup>
    <ClInclude Include="stb_vulkan.h" />
  </ItemGroup>
</Project>